
Microsoft Visual Studio Solution File, Format Version 12.00
# Visual Studio 15
VisualStudioVersion = 15.0.28307.705
MinimumVisualStudioVersion = 10.0.40219.1
Project("{FAE04EC0-301F-11D3-BF4B-00C04F79EFBC}") = "Playground.Android", "Playground\Playground.Android\Playground.Android.csproj", "{D53BDE82-11A8-4A11-93E2-AF8CABE72EC9}"
EndProject
Project("{FAE04EC0-301F-11D3-BF4B-00C04F79EFBC}") = "Playground.iOS", "Playground\Playground.iOS\Playground.iOS.csproj", "{B5E8DFF8-1B68-4C17-8399-F1E78FF20615}"
EndProject
Project("{9A19103F-16F7-4668-BE54-9A1E7A4F7556}") = "Playground", "Playground\Playground\Playground.csproj", "{D9B4C1F3-E38F-43F8-9E35-917A1EF2135A}"
EndProject
Global
	GlobalSection(SolutionConfigurationPlatforms) = preSolution
		Ad-Hoc|Any CPU = Ad-Hoc|Any CPU
		Ad-Hoc|iPhone = Ad-Hoc|iPhone
		Ad-Hoc|iPhoneSimulator = Ad-Hoc|iPhoneSimulator
		AppStore|Any CPU = AppStore|Any CPU
		AppStore|iPhone = AppStore|iPhone
		AppStore|iPhoneSimulator = AppStore|iPhoneSimulator
		Debug|Any CPU = Debug|Any CPU
		Debug|iPhone = Debug|iPhone
		Debug|iPhoneSimulator = Debug|iPhoneSimulator
		Release|Any CPU = Release|Any CPU
		Release|iPhone = Release|iPhone
		Release|iPhoneSimulator = Release|iPhoneSimulator
	EndGlobalSection
	GlobalSection(ProjectConfigurationPlatforms) = postSolution
		{D53BDE82-11A8-4A11-93E2-AF8CABE72EC9}.Ad-Hoc|Any CPU.ActiveCfg = Release|Any CPU
		{D53BDE82-11A8-4A11-93E2-AF8CABE72EC9}.Ad-Hoc|Any CPU.Build.0 = Release|Any CPU
		{D53BDE82-11A8-4A11-93E2-AF8CABE72EC9}.Ad-Hoc|Any CPU.Deploy.0 = Release|Any CPU
		{D53BDE82-11A8-4A11-93E2-AF8CABE72EC9}.Ad-Hoc|iPhone.ActiveCfg = Release|Any CPU
		{D53BDE82-11A8-4A11-93E2-AF8CABE72EC9}.Ad-Hoc|iPhone.Build.0 = Release|Any CPU
		{D53BDE82-11A8-4A11-93E2-AF8CABE72EC9}.Ad-Hoc|iPhone.Deploy.0 = Release|Any CPU
		{D53BDE82-11A8-4A11-93E2-AF8CABE72EC9}.Ad-Hoc|iPhoneSimulator.ActiveCfg = Release|Any CPU
		{D53BDE82-11A8-4A11-93E2-AF8CABE72EC9}.Ad-Hoc|iPhoneSimulator.Build.0 = Release|Any CPU
		{D53BDE82-11A8-4A11-93E2-AF8CABE72EC9}.Ad-Hoc|iPhoneSimulator.Deploy.0 = Release|Any CPU
		{D53BDE82-11A8-4A11-93E2-AF8CABE72EC9}.AppStore|Any CPU.ActiveCfg = Release|Any CPU
		{D53BDE82-11A8-4A11-93E2-AF8CABE72EC9}.AppStore|Any CPU.Build.0 = Release|Any CPU
		{D53BDE82-11A8-4A11-93E2-AF8CABE72EC9}.AppStore|Any CPU.Deploy.0 = Release|Any CPU
		{D53BDE82-11A8-4A11-93E2-AF8CABE72EC9}.AppStore|iPhone.ActiveCfg = Release|Any CPU
		{D53BDE82-11A8-4A11-93E2-AF8CABE72EC9}.AppStore|iPhone.Build.0 = Release|Any CPU
		{D53BDE82-11A8-4A11-93E2-AF8CABE72EC9}.AppStore|iPhone.Deploy.0 = Release|Any CPU
		{D53BDE82-11A8-4A11-93E2-AF8CABE72EC9}.AppStore|iPhoneSimulator.ActiveCfg = Release|Any CPU
		{D53BDE82-11A8-4A11-93E2-AF8CABE72EC9}.AppStore|iPhoneSimulator.Build.0 = Release|Any CPU
		{D53BDE82-11A8-4A11-93E2-AF8CABE72EC9}.AppStore|iPhoneSimulator.Deploy.0 = Release|Any CPU
		{D53BDE82-11A8-4A11-93E2-AF8CABE72EC9}.Debug|Any CPU.ActiveCfg = Debug|Any CPU
		{D53BDE82-11A8-4A11-93E2-AF8CABE72EC9}.Debug|Any CPU.Build.0 = Debug|Any CPU
		{D53BDE82-11A8-4A11-93E2-AF8CABE72EC9}.Debug|Any CPU.Deploy.0 = Debug|Any CPU
		{D53BDE82-11A8-4A11-93E2-AF8CABE72EC9}.Debug|iPhone.ActiveCfg = Debug|Any CPU
		{D53BDE82-11A8-4A11-93E2-AF8CABE72EC9}.Debug|iPhone.Build.0 = Debug|Any CPU
		{D53BDE82-11A8-4A11-93E2-AF8CABE72EC9}.Debug|iPhone.Deploy.0 = Debug|Any CPU
		{D53BDE82-11A8-4A11-93E2-AF8CABE72EC9}.Debug|iPhoneSimulator.ActiveCfg = Debug|Any CPU
		{D53BDE82-11A8-4A11-93E2-AF8CABE72EC9}.Debug|iPhoneSimulator.Build.0 = Debug|Any CPU
		{D53BDE82-11A8-4A11-93E2-AF8CABE72EC9}.Debug|iPhoneSimulator.Deploy.0 = Debug|Any CPU
		{D53BDE82-11A8-4A11-93E2-AF8CABE72EC9}.Release|Any CPU.ActiveCfg = Release|Any CPU
		{D53BDE82-11A8-4A11-93E2-AF8CABE72EC9}.Release|Any CPU.Build.0 = Release|Any CPU
		{D53BDE82-11A8-4A11-93E2-AF8CABE72EC9}.Release|Any CPU.Deploy.0 = Release|Any CPU
		{D53BDE82-11A8-4A11-93E2-AF8CABE72EC9}.Release|iPhone.ActiveCfg = Release|Any CPU
		{D53BDE82-11A8-4A11-93E2-AF8CABE72EC9}.Release|iPhone.Build.0 = Release|Any CPU
		{D53BDE82-11A8-4A11-93E2-AF8CABE72EC9}.Release|iPhone.Deploy.0 = Release|Any CPU
		{D53BDE82-11A8-4A11-93E2-AF8CABE72EC9}.Release|iPhoneSimulator.ActiveCfg = Release|Any CPU
		{D53BDE82-11A8-4A11-93E2-AF8CABE72EC9}.Release|iPhoneSimulator.Build.0 = Release|Any CPU
		{D53BDE82-11A8-4A11-93E2-AF8CABE72EC9}.Release|iPhoneSimulator.Deploy.0 = Release|Any CPU
		{B5E8DFF8-1B68-4C17-8399-F1E78FF20615}.Ad-Hoc|Any CPU.ActiveCfg = Ad-Hoc|iPhone
		{B5E8DFF8-1B68-4C17-8399-F1E78FF20615}.Ad-Hoc|Any CPU.Build.0 = Ad-Hoc|iPhone
		{B5E8DFF8-1B68-4C17-8399-F1E78FF20615}.Ad-Hoc|Any CPU.Deploy.0 = Ad-Hoc|iPhone
		{B5E8DFF8-1B68-4C17-8399-F1E78FF20615}.Ad-Hoc|iPhone.ActiveCfg = Ad-Hoc|iPhone
		{B5E8DFF8-1B68-4C17-8399-F1E78FF20615}.Ad-Hoc|iPhone.Build.0 = Ad-Hoc|iPhone
		{B5E8DFF8-1B68-4C17-8399-F1E78FF20615}.Ad-Hoc|iPhone.Deploy.0 = Ad-Hoc|iPhone
		{B5E8DFF8-1B68-4C17-8399-F1E78FF20615}.Ad-Hoc|iPhoneSimulator.ActiveCfg = Ad-Hoc|iPhoneSimulator
		{B5E8DFF8-1B68-4C17-8399-F1E78FF20615}.Ad-Hoc|iPhoneSimulator.Build.0 = Ad-Hoc|iPhoneSimulator
		{B5E8DFF8-1B68-4C17-8399-F1E78FF20615}.Ad-Hoc|iPhoneSimulator.Deploy.0 = Ad-Hoc|iPhoneSimulator
		{B5E8DFF8-1B68-4C17-8399-F1E78FF20615}.AppStore|Any CPU.ActiveCfg = AppStore|iPhone
		{B5E8DFF8-1B68-4C17-8399-F1E78FF20615}.AppStore|Any CPU.Build.0 = AppStore|iPhone
		{B5E8DFF8-1B68-4C17-8399-F1E78FF20615}.AppStore|Any CPU.Deploy.0 = AppStore|iPhone
		{B5E8DFF8-1B68-4C17-8399-F1E78FF20615}.AppStore|iPhone.ActiveCfg = AppStore|iPhone
		{B5E8DFF8-1B68-4C17-8399-F1E78FF20615}.AppStore|iPhone.Build.0 = AppStore|iPhone
		{B5E8DFF8-1B68-4C17-8399-F1E78FF20615}.AppStore|iPhone.Deploy.0 = AppStore|iPhone
		{B5E8DFF8-1B68-4C17-8399-F1E78FF20615}.AppStore|iPhoneSimulator.ActiveCfg = AppStore|iPhoneSimulator
		{B5E8DFF8-1B68-4C17-8399-F1E78FF20615}.AppStore|iPhoneSimulator.Build.0 = AppStore|iPhoneSimulator
		{B5E8DFF8-1B68-4C17-8399-F1E78FF20615}.AppStore|iPhoneSimulator.Deploy.0 = AppStore|iPhoneSimulator
		{B5E8DFF8-1B68-4C17-8399-F1E78FF20615}.Debug|Any CPU.ActiveCfg = Debug|iPhoneSimulator
		{B5E8DFF8-1B68-4C17-8399-F1E78FF20615}.Debug|Any CPU.Build.0 = Debug|iPhoneSimulator
		{B5E8DFF8-1B68-4C17-8399-F1E78FF20615}.Debug|Any CPU.Deploy.0 = Debug|iPhoneSimulator
		{B5E8DFF8-1B68-4C17-8399-F1E78FF20615}.Debug|iPhone.ActiveCfg = Debug|iPhone
		{B5E8DFF8-1B68-4C17-8399-F1E78FF20615}.Debug|iPhone.Build.0 = Debug|iPhone
		{B5E8DFF8-1B68-4C17-8399-F1E78FF20615}.Debug|iPhone.Deploy.0 = Debug|iPhone
		{B5E8DFF8-1B68-4C17-8399-F1E78FF20615}.Debug|iPhoneSimulator.ActiveCfg = Debug|iPhoneSimulator
		{B5E8DFF8-1B68-4C17-8399-F1E78FF20615}.Debug|iPhoneSimulator.Build.0 = Debug|iPhoneSimulator
		{B5E8DFF8-1B68-4C17-8399-F1E78FF20615}.Debug|iPhoneSimulator.Deploy.0 = Debug|iPhoneSimulator
		{B5E8DFF8-1B68-4C17-8399-F1E78FF20615}.Release|Any CPU.ActiveCfg = Release|iPhone
		{B5E8DFF8-1B68-4C17-8399-F1E78FF20615}.Release|Any CPU.Build.0 = Release|iPhone
		{B5E8DFF8-1B68-4C17-8399-F1E78FF20615}.Release|Any CPU.Deploy.0 = Release|iPhone
		{B5E8DFF8-1B68-4C17-8399-F1E78FF20615}.Release|iPhone.ActiveCfg = Release|iPhone
		{B5E8DFF8-1B68-4C17-8399-F1E78FF20615}.Release|iPhone.Build.0 = Release|iPhone
		{B5E8DFF8-1B68-4C17-8399-F1E78FF20615}.Release|iPhone.Deploy.0 = Release|iPhone
		{B5E8DFF8-1B68-4C17-8399-F1E78FF20615}.Release|iPhoneSimulator.ActiveCfg = Release|iPhoneSimulator
		{B5E8DFF8-1B68-4C17-8399-F1E78FF20615}.Release|iPhoneSimulator.Build.0 = Release|iPhoneSimulator
		{B5E8DFF8-1B68-4C17-8399-F1E78FF20615}.Release|iPhoneSimulator.Deploy.0 = Release|iPhoneSimulator
		{D9B4C1F3-E38F-43F8-9E35-917A1EF2135A}.Ad-Hoc|Any CPU.ActiveCfg = Debug|Any CPU
		{D9B4C1F3-E38F-43F8-9E35-917A1EF2135A}.Ad-Hoc|Any CPU.Build.0 = Debug|Any CPU
		{D9B4C1F3-E38F-43F8-9E35-917A1EF2135A}.Ad-Hoc|Any CPU.Deploy.0 = Debug|Any CPU
		{D9B4C1F3-E38F-43F8-9E35-917A1EF2135A}.Ad-Hoc|iPhone.ActiveCfg = Debug|Any CPU
		{D9B4C1F3-E38F-43F8-9E35-917A1EF2135A}.Ad-Hoc|iPhone.Build.0 = Debug|Any CPU
		{D9B4C1F3-E38F-43F8-9E35-917A1EF2135A}.Ad-Hoc|iPhone.Deploy.0 = Debug|Any CPU
		{D9B4C1F3-E38F-43F8-9E35-917A1EF2135A}.Ad-Hoc|iPhoneSimulator.ActiveCfg = Debug|Any CPU
		{D9B4C1F3-E38F-43F8-9E35-917A1EF2135A}.Ad-Hoc|iPhoneSimulator.Build.0 = Debug|Any CPU
		{D9B4C1F3-E38F-43F8-9E35-917A1EF2135A}.Ad-Hoc|iPhoneSimulator.Deploy.0 = Debug|Any CPU
		{D9B4C1F3-E38F-43F8-9E35-917A1EF2135A}.AppStore|Any CPU.ActiveCfg = Debug|Any CPU
		{D9B4C1F3-E38F-43F8-9E35-917A1EF2135A}.AppStore|Any CPU.Build.0 = Debug|Any CPU
		{D9B4C1F3-E38F-43F8-9E35-917A1EF2135A}.AppStore|Any CPU.Deploy.0 = Debug|Any CPU
		{D9B4C1F3-E38F-43F8-9E35-917A1EF2135A}.AppStore|iPhone.ActiveCfg = Debug|Any CPU
		{D9B4C1F3-E38F-43F8-9E35-917A1EF2135A}.AppStore|iPhone.Build.0 = Debug|Any CPU
		{D9B4C1F3-E38F-43F8-9E35-917A1EF2135A}.AppStore|iPhone.Deploy.0 = Debug|Any CPU
		{D9B4C1F3-E38F-43F8-9E35-917A1EF2135A}.AppStore|iPhoneSimulator.ActiveCfg = Debug|Any CPU
		{D9B4C1F3-E38F-43F8-9E35-917A1EF2135A}.AppStore|iPhoneSimulator.Build.0 = Debug|Any CPU
		{D9B4C1F3-E38F-43F8-9E35-917A1EF2135A}.AppStore|iPhoneSimulator.Deploy.0 = Debug|Any CPU
		{D9B4C1F3-E38F-43F8-9E35-917A1EF2135A}.Debug|Any CPU.ActiveCfg = Debug|Any CPU
		{D9B4C1F3-E38F-43F8-9E35-917A1EF2135A}.Debug|Any CPU.Build.0 = Debug|Any CPU
		{D9B4C1F3-E38F-43F8-9E35-917A1EF2135A}.Debug|Any CPU.Deploy.0 = Debug|Any CPU
		{D9B4C1F3-E38F-43F8-9E35-917A1EF2135A}.Debug|iPhone.ActiveCfg = Debug|Any CPU
		{D9B4C1F3-E38F-43F8-9E35-917A1EF2135A}.Debug|iPhone.Build.0 = Debug|Any CPU
		{D9B4C1F3-E38F-43F8-9E35-917A1EF2135A}.Debug|iPhone.Deploy.0 = Debug|Any CPU
		{D9B4C1F3-E38F-43F8-9E35-917A1EF2135A}.Debug|iPhoneSimulator.ActiveCfg = Debug|Any CPU
		{D9B4C1F3-E38F-43F8-9E35-917A1EF2135A}.Debug|iPhoneSimulator.Build.0 = Debug|Any CPU
		{D9B4C1F3-E38F-43F8-9E35-917A1EF2135A}.Debug|iPhoneSimulator.Deploy.0 = Debug|Any CPU
		{D9B4C1F3-E38F-43F8-9E35-917A1EF2135A}.Release|Any CPU.ActiveCfg = Release|Any CPU
		{D9B4C1F3-E38F-43F8-9E35-917A1EF2135A}.Release|Any CPU.Build.0 = Release|Any CPU
		{D9B4C1F3-E38F-43F8-9E35-917A1EF2135A}.Release|Any CPU.Deploy.0 = Release|Any CPU
		{D9B4C1F3-E38F-43F8-9E35-917A1EF2135A}.Release|iPhone.ActiveCfg = Release|Any CPU
		{D9B4C1F3-E38F-43F8-9E35-917A1EF2135A}.Release|iPhone.Build.0 = Release|Any CPU
		{D9B4C1F3-E38F-43F8-9E35-917A1EF2135A}.Release|iPhone.Deploy.0 = Release|Any CPU
		{D9B4C1F3-E38F-43F8-9E35-917A1EF2135A}.Release|iPhoneSimulator.ActiveCfg = Release|Any CPU
		{D9B4C1F3-E38F-43F8-9E35-917A1EF2135A}.Release|iPhoneSimulator.Build.0 = Release|Any CPU
		{D9B4C1F3-E38F-43F8-9E35-917A1EF2135A}.Release|iPhoneSimulator.Deploy.0 = Release|Any CPU
	EndGlobalSection
	GlobalSection(SolutionProperties) = preSolution
		HideSolutionNode = FALSE
	EndGlobalSection
	GlobalSection(ExtensibilityGlobals) = postSolution
		SolutionGuid = {BE78A76A-F7B1-470B-9284-0F0AA16B53AD}
	EndGlobalSection
EndGlobal
